
Microsoft Visual Studio Solution File, Format Version 12.00
# Visual Studio Version 17
VisualStudioVersion = 17.1.32319.34
MinimumVisualStudioVersion = 10.0.40219.1
Project("{FAE04EC0-301F-11D3-BF4B-00C04F79EFBC}") = "Better calculator", "Better calculator\Better calculator.csproj", "{529EB8FA-6A97-4376-B12B-D9708EDC4173}"
EndProject
Global
	GlobalSection(SolutionConfigurationPlatforms) = preSolution
		Debug|Any CPU = Debug|Any CPU
		Release|Any CPU = Release|Any CPU
	EndGlobalSection
	GlobalSection(ProjectConfigurationPlatforms) = postSolution
		{529EB8FA-6A97-4376-B12B-D9708EDC4173}.Debug|Any CPU.ActiveCfg = Debug|Any CPU
		{529EB8FA-6A97-4376-B12B-D9708EDC4173}.Debug|Any CPU.Build.0 = Debug|Any CPU
		{529EB8FA-6A97-4376-B12B-D9708EDC4173}.Release|Any CPU.ActiveCfg = Release|Any CPU
		{529EB8FA-6A97-4376-B12B-D9708EDC4173}.Release|Any CPU.Build.0 = Release|Any CPU
	EndGlobalSection
	GlobalSection(SolutionProperties) = preSolution
		HideSolutionNode = FALSE
	EndGlobalSection
	GlobalSection(ExtensibilityGlobals) = postSolution
		SolutionGuid = {A4B63B8E-E975-4C51-AD1E-14D3B07DDBB8}
	EndGlobalSection
EndGlobal
